
Microsoft Visual Studio Solution File, Format Version 12.00
# Visual Studio Version 17
VisualStudioVersion = 17.3.32929.385
MinimumVisualStudioVersion = 10.0.40219.1
Project("{FAE04EC0-301F-11D3-BF4B-00C04F79EFBC}") = "PizzamizzaTask", "PizzamizzaTask.csproj", "{F044BB95-BC50-46F9-A358-4785FE50B913}"
EndProject
Global
	GlobalSection(SolutionConfigurationPlatforms) = preSolution
		Debug|Any CPU = Debug|Any CPU
		Release|Any CPU = Release|Any CPU
	EndGlobalSection
	GlobalSection(ProjectConfigurationPlatforms) = postSolution
		{F044BB95-BC50-46F9-A358-4785FE50B913}.Debug|Any CPU.ActiveCfg = Debug|Any CPU
		{F044BB95-BC50-46F9-A358-4785FE50B913}.Debug|Any CPU.Build.0 = Debug|Any CPU
		{F044BB95-BC50-46F9-A358-4785FE50B913}.Release|Any CPU.ActiveCfg = Release|Any CPU
		{F044BB95-BC50-46F9-A358-4785FE50B913}.Release|Any CPU.Build.0 = Release|Any CPU
	EndGlobalSection
	GlobalSection(SolutionProperties) = preSolution
		HideSolutionNode = FALSE
	EndGlobalSection
	GlobalSection(ExtensibilityGlobals) = postSolution
		SolutionGuid = {84C81114-E058-4D03-8FF8-CC2B000040EE}
	EndGlobalSection
EndGlobal
